
Microsoft Visual Studio Solution File, Format Version 12.00
# Visual Studio 15
VisualStudioVersion = 15.0.27130.2003
MinimumVisualStudioVersion = 10.0.40219.1
Project("{FAE04EC0-301F-11D3-BF4B-00C04F79EFBC}") = "Boonwayy", "Boonwayy\Boonwayy.csproj", "{C8FC6E4E-84A9-4AAB-9DA4-4CDD44562FDC}"
EndProject
Project("{FAE04EC0-301F-11D3-BF4B-00C04F79EFBC}") = "Boonwayy.Tests", "Boonwayy.Tests\Boonwayy.Tests.csproj", "{0FB303D4-3C96-4516-B1C4-6D15A6236083}"
EndProject
Global
	GlobalSection(SolutionConfigurationPlatforms) = preSolution
		Debug|Any CPU = Debug|Any CPU
		Release|Any CPU = Release|Any CPU
	EndGlobalSection
	GlobalSection(ProjectConfigurationPlatforms) = postSolution
		{C8FC6E4E-84A9-4AAB-9DA4-4CDD44562FDC}.Debug|Any CPU.ActiveCfg = Debug|Any CPU
		{C8FC6E4E-84A9-4AAB-9DA4-4CDD44562FDC}.Debug|Any CPU.Build.0 = Debug|Any CPU
		{C8FC6E4E-84A9-4AAB-9DA4-4CDD44562FDC}.Release|Any CPU.ActiveCfg = Release|Any CPU
		{C8FC6E4E-84A9-4AAB-9DA4-4CDD44562FDC}.Release|Any CPU.Build.0 = Release|Any CPU
		{0FB303D4-3C96-4516-B1C4-6D15A6236083}.Debug|Any CPU.ActiveCfg = Debug|Any CPU
		{0FB303D4-3C96-4516-B1C4-6D15A6236083}.Debug|Any CPU.Build.0 = Debug|Any CPU
		{0FB303D4-3C96-4516-B1C4-6D15A6236083}.Release|Any CPU.ActiveCfg = Release|Any CPU
		{0FB303D4-3C96-4516-B1C4-6D15A6236083}.Release|Any CPU.Build.0 = Release|Any CPU
	EndGlobalSection
	GlobalSection(SolutionProperties) = preSolution
		HideSolutionNode = FALSE
	EndGlobalSection
	GlobalSection(ExtensibilityGlobals) = postSolution
		SolutionGuid = {BB944D87-5BB0-4D90-9A74-92860A662618}
	EndGlobalSection
EndGlobal
